
Microsoft Visual Studio Solution File, Format Version 12.00
# Visual Studio Version 16
VisualStudioVersion = 16.0.32002.261
MinimumVisualStudioVersion = 10.0.40219.1
Project("{FAE04EC0-301F-11D3-BF4B-00C04F79EFBC}") = "kofe", "kofe.csproj", "{009200FC-5ABB-45C7-9DB0-937DB96C124C}"
EndProject
Global
	GlobalSection(SolutionConfigurationPlatforms) = preSolution
		Debug|Any CPU = Debug|Any CPU
		Release|Any CPU = Release|Any CPU
	EndGlobalSection
	GlobalSection(ProjectConfigurationPlatforms) = postSolution
		{009200FC-5ABB-45C7-9DB0-937DB96C124C}.Debug|Any CPU.ActiveCfg = Debug|Any CPU
		{009200FC-5ABB-45C7-9DB0-937DB96C124C}.Debug|Any CPU.Build.0 = Debug|Any CPU
		{009200FC-5ABB-45C7-9DB0-937DB96C124C}.Release|Any CPU.ActiveCfg = Release|Any CPU
		{009200FC-5ABB-45C7-9DB0-937DB96C124C}.Release|Any CPU.Build.0 = Release|Any CPU
	EndGlobalSection
	GlobalSection(SolutionProperties) = preSolution
		HideSolutionNode = FALSE
	EndGlobalSection
	GlobalSection(ExtensibilityGlobals) = postSolution
		SolutionGuid = {B02A408B-34F2-4CF3-8462-70EE2DD01310}
	EndGlobalSection
EndGlobal
